<Solution>
	<Folder Name="/JsonPit/">
		<Project Path="JsonPit/JsonPit.Tests/JsonPit.Tests.csproj" />
	</Folder>
	<Project Path="JsonPit/JsonPit.csproj" />
	<Folder Name="/OsLib/">
		<Project Path="OsLib/OsLib.Tests/OsLib.Tests.csproj" />
	</Folder>
	<Project Path="OsLib/OsLib.csproj" />
	<Folder Name="/PitSeeder/">
		<Project Path="PitSeeder/pits/pits.csproj" />
		<Project Path="PitSeeder/pits.Tests/pits.Tests.csproj" />
	</Folder>
	<Folder Name="/RaiImage/">
		<Project Path="RaiImage/RaiImage.Tests/RaiImage.Tests.csproj" />
	</Folder>
	<Project Path="RaiImage/RaiImage.csproj" />
	<Folder Name="/RaiUtils/">
		<Project Path="RaiUtils/tests/RaiUtils.Tests/RaiUtils.Tests.csproj" />
	</Folder>
	<Project Path="RaiUtils/RaiUtils.csproj" />
	<Folder Name="/iorg/">
		<Project Path="iorg/iorg.csproj" />
		<Project Path="iorg/iorg.Tests/iorg.Tests.csproj" />
	</Folder>
</Solution>
